
Microsoft Visual Studio Solution File, Format Version 12.00
# Visual Studio Version 17
VisualStudioVersion = 17.5.33516.290
MinimumVisualStudioVersion = 10.0.40219.1
Project("{FAE04EC0-301F-11D3-BF4B-00C04F79EFBC}") = "modul8_1302210032", "modul8_1302210032\modul8_1302210032.csproj", "{DE249E3B-2146-4AC2-8DEC-0840CEA45EEB}"
EndProject
Global
	GlobalSection(SolutionConfigurationPlatforms) = preSolution
		Debug|Any CPU = Debug|Any CPU
		Release|Any CPU = Release|Any CPU
	EndGlobalSection
	GlobalSection(ProjectConfigurationPlatforms) = postSolution
		{DE249E3B-2146-4AC2-8DEC-0840CEA45EEB}.Debug|Any CPU.ActiveCfg = Debug|Any CPU
		{DE249E3B-2146-4AC2-8DEC-0840CEA45EEB}.Debug|Any CPU.Build.0 = Debug|Any CPU
		{DE249E3B-2146-4AC2-8DEC-0840CEA45EEB}.Release|Any CPU.ActiveCfg = Release|Any CPU
		{DE249E3B-2146-4AC2-8DEC-0840CEA45EEB}.Release|Any CPU.Build.0 = Release|Any CPU
	EndGlobalSection
	GlobalSection(SolutionProperties) = preSolution
		HideSolutionNode = FALSE
	EndGlobalSection
	GlobalSection(ExtensibilityGlobals) = postSolution
		SolutionGuid = {7469D21A-0341-4D37-820F-432C62C112BB}
	EndGlobalSection
EndGlobal
